
Microsoft Visual Studio Solution File, Format Version 12.00
# Visual Studio Version 16
VisualStudioVersion = 16.0.34031.81
MinimumVisualStudioVersion = 10.0.40219.1
Project("{FAE04EC0-301F-11D3-BF4B-00C04F79EFBC}") = "Tarea de Curso", "Tarea de Curso\Tarea de Curso.csproj", "{45601CE5-0522-44D4-8416-B7F48463057B}"
EndProject
Global
	GlobalSection(SolutionConfigurationPlatforms) = preSolution
		Debug|Any CPU = Debug|Any CPU
		Release|Any CPU = Release|Any CPU
	EndGlobalSection
	GlobalSection(ProjectConfigurationPlatforms) = postSolution
		{45601CE5-0522-44D4-8416-B7F48463057B}.Debug|Any CPU.ActiveCfg = Debug|Any CPU
		{45601CE5-0522-44D4-8416-B7F48463057B}.Debug|Any CPU.Build.0 = Debug|Any CPU
		{45601CE5-0522-44D4-8416-B7F48463057B}.Release|Any CPU.ActiveCfg = Release|Any CPU
		{45601CE5-0522-44D4-8416-B7F48463057B}.Release|Any CPU.Build.0 = Release|Any CPU
	EndGlobalSection
	GlobalSection(SolutionProperties) = preSolution
		HideSolutionNode = FALSE
	EndGlobalSection
	GlobalSection(ExtensibilityGlobals) = postSolution
		SolutionGuid = {1EF26052-92FD-4F6E-B897-E5C1198747D2}
	EndGlobalSection
EndGlobal
